
Microsoft Visual Studio Solution File, Format Version 12.00
# Visual Studio 15
VisualStudioVersion = 15.0.28307.329
MinimumVisualStudioVersion = 10.0.40219.1
Project("{FAE04EC0-301F-11D3-BF4B-00C04F79EFBC}") = "HypatiaCafe", "HypatiaCafe\HypatiaCafe.csproj", "{459892CE-EE40-4FD4-ADDC-F979B3DB731B}"
EndProject
Global
	GlobalSection(SolutionConfigurationPlatforms) = preSolution
		Debug|Any CPU = Debug|Any CPU
		Release|Any CPU = Release|Any CPU
	EndGlobalSection
	GlobalSection(ProjectConfigurationPlatforms) = postSolution
		{459892CE-EE40-4FD4-ADDC-F979B3DB731B}.Debug|Any CPU.ActiveCfg = Debug|Any CPU
		{459892CE-EE40-4FD4-ADDC-F979B3DB731B}.Debug|Any CPU.Build.0 = Debug|Any CPU
		{459892CE-EE40-4FD4-ADDC-F979B3DB731B}.Release|Any CPU.ActiveCfg = Release|Any CPU
		{459892CE-EE40-4FD4-ADDC-F979B3DB731B}.Release|Any CPU.Build.0 = Release|Any CPU
	EndGlobalSection
	GlobalSection(SolutionProperties) = preSolution
		HideSolutionNode = FALSE
	EndGlobalSection
	GlobalSection(ExtensibilityGlobals) = postSolution
		SolutionGuid = {30C819EE-926B-4C57-A49D-A6D3FC4E48C7}
	EndGlobalSection
EndGlobal
